// !$*UTF8*$!
{
	archiveVersion = 1;
	classes = {
	};
	objectVersion = 55;
	objects = {

/* Begin PBXBuildFile section */
		9A6C534428F7FBC900B13BF7 /* UIColorExtension.swift in Sources */ = {isa = PBXBuildFile; fileRef = 9A6C534328F7FBC900B13BF7 /* UIColorExtension.swift */; };
		9A6C77AD28F229E400E1092D /* AppDelegate.swift in Sources */ = {isa = PBXBuildFile; fileRef = 9A6C77AC28F229E400E1092D /* AppDelegate.swift */; };
		9A6C77AF28F229E400E1092D /* SceneDelegate.swift in Sources */ = {isa = PBXBuildFile; fileRef = 9A6C77AE28F229E400E1092D /* SceneDelegate.swift */; };
		9A6C77B628F229E500E1092D /* Assets.xcassets in Resources */ = {isa = PBXBuildFile; fileRef = 9A6C77B528F229E500E1092D /* Assets.xcassets */; };
		9A6C77B928F229E500E1092D /* LaunchScreen.storyboard in Resources */ = {isa = PBXBuildFile; fileRef = 9A6C77B728F229E500E1092D /* LaunchScreen.storyboard */; };
		A913FA3F28F7CC2800ECA972 /* Calendar.storyboard in Resources */ = {isa = PBXBuildFile; fileRef = A913FA3E28F7CC2800ECA972 /* Calendar.storyboard */; };
		A913FA4128F7D09F00ECA972 /* CalendarViewController.swift in Sources */ = {isa = PBXBuildFile; fileRef = A913FA4028F7D09F00ECA972 /* CalendarViewController.swift */; };
		A919382428F64CED00CC8B76 /* Home.storyboard in Resources */ = {isa = PBXBuildFile; fileRef = A919382328F64CED00CC8B76 /* Home.storyboard */; };
		A919382628F64E9900CC8B76 /* HomeViewController.swift in Sources */ = {isa = PBXBuildFile; fileRef = A919382528F64E9900CC8B76 /* HomeViewController.swift */; };
		A919382F28F6597500CC8B76 /* Post.storyboard in Resources */ = {isa = PBXBuildFile; fileRef = A919382E28F6597500CC8B76 /* Post.storyboard */; };
		A919383428F65A3900CC8B76 /* Edit.storyboard in Resources */ = {isa = PBXBuildFile; fileRef = A919383328F65A3900CC8B76 /* Edit.storyboard */; };
		A919383628F65C1C00CC8B76 /* Settings.storyboard in Resources */ = {isa = PBXBuildFile; fileRef = A919383528F65C1C00CC8B76 /* Settings.storyboard */; };
		A919383928F65C9000CC8B76 /* SignIn.storyboard in Resources */ = {isa = PBXBuildFile; fileRef = A919383728F65C9000CC8B76 /* SignIn.storyboard */; };
		A919383E28F65D8A00CC8B76 /* SettingsViewController.swift in Sources */ = {isa = PBXBuildFile; fileRef = A919383D28F65D8A00CC8B76 /* SettingsViewController.swift */; };
		A919384028F65D9E00CC8B76 /* SignInViewController.swift in Sources */ = {isa = PBXBuildFile; fileRef = A919383F28F65D9E00CC8B76 /* SignInViewController.swift */; };
		A919384228F65DDD00CC8B76 /* PostViewController.swift in Sources */ = {isa = PBXBuildFile; fileRef = A919384128F65DDD00CC8B76 /* PostViewController.swift */; };
		A919384428F65DE700CC8B76 /* EditViewController.swift in Sources */ = {isa = PBXBuildFile; fileRef = A919384328F65DE700CC8B76 /* EditViewController.swift */; };
/* End PBXBuildFile section */

/* Begin PBXFileReference section */
		9A6C534328F7FBC900B13BF7 /* UIColorExtension.swift */ = {isa = PBXFileReference; lastKnownFileType = sourcecode.swift; path = UIColorExtension.swift; sourceTree = "<group>"; };
		9A6C77A928F229E400E1092D /* DiaryApp.app */ = {isa = PBXFileReference; explicitFileType = wrapper.application; includeInIndex = 0; path = DiaryApp.app; sourceTree = BUILT_PRODUCTS_DIR; };
		9A6C77AC28F229E400E1092D /* AppDelegate.swift */ = {isa = PBXFileReference; lastKnownFileType = sourcecode.swift; path = AppDelegate.swift; sourceTree = "<group>"; };
		9A6C77AE28F229E400E1092D /* SceneDelegate.swift */ = {isa = PBXFileReference; lastKnownFileType = sourcecode.swift; path = SceneDelegate.swift; sourceTree = "<group>"; };
		9A6C77B528F229E500E1092D /* Assets.xcassets */ = {isa = PBXFileReference; lastKnownFileType = folder.assetcatalog; path = Assets.xcassets; sourceTree = "<group>"; };
		9A6C77B828F229E500E1092D /* Base */ = {isa = PBXFileReference; lastKnownFileType = file.storyboard; name = Base; path = Base.lproj/LaunchScreen.storyboard; sourceTree = "<group>"; };
		9A6C77BA28F229E500E1092D /* Info.plist */ = {isa = PBXFileReference; lastKnownFileType = text.plist.xml; path = Info.plist; sourceTree = "<group>"; };
		A913FA3E28F7CC2800ECA972 /* Calendar.storyboard */ = {isa = PBXFileReference; lastKnownFileType = file.storyboard; path = Calendar.storyboard; sourceTree = "<group>"; };
		A913FA4028F7D09F00ECA972 /* CalendarViewController.swift */ = {isa = PBXFileReference; lastKnownFileType = sourcecode.swift; path = CalendarViewController.swift; sourceTree = "<group>"; };
		A919382328F64CED00CC8B76 /* Home.storyboard */ = {isa = PBXFileReference; lastKnownFileType = file.storyboard; path = Home.storyboard; sourceTree = "<group>"; };
		A919382528F64E9900CC8B76 /* HomeViewController.swift */ = {isa = PBXFileReference; lastKnownFileType = sourcecode.swift; path = HomeViewController.swift; sourceTree = "<group>"; };
		A919382E28F6597500CC8B76 /* Post.storyboard */ = {isa = PBXFileReference; fileEncoding = 4; lastKnownFileType = file.storyboard; path = Post.storyboard; sourceTree = "<group>"; };
		A919383328F65A3900CC8B76 /* Edit.storyboard */ = {isa = PBXFileReference; fileEncoding = 4; lastKnownFileType = file.storyboard; path = Edit.storyboard; sourceTree = "<group>"; };
		A919383528F65C1C00CC8B76 /* Settings.storyboard */ = {isa = PBXFileReference; fileEncoding = 4; lastKnownFileType = file.storyboard; path = Settings.storyboard; sourceTree = "<group>"; };
		A919383828F65C9000CC8B76 /* Base */ = {isa = PBXFileReference; lastKnownFileType = file.storyboard; name = Base; path = DiaryApp/Views/Base.lproj/SignIn.storyboard; sourceTree = "<group>"; };
		A919383D28F65D8A00CC8B76 /* SettingsViewController.swift */ = {isa = PBXFileReference; lastKnownFileType = sourcecode.swift; path = SettingsViewController.swift; sourceTree = "<group>"; };
		A919383F28F65D9E00CC8B76 /* SignInViewController.swift */ = {isa = PBXFileReference; lastKnownFileType = sourcecode.swift; path = SignInViewController.swift; sourceTree = "<group>"; };
		A919384128F65DDD00CC8B76 /* PostViewController.swift */ = {isa = PBXFileReference; lastKnownFileType = sourcecode.swift; path = PostViewController.swift; sourceTree = "<group>"; };
		A919384328F65DE700CC8B76 /* EditViewController.swift */ = {isa = PBXFileReference; lastKnownFileType = sourcecode.swift; path = EditViewController.swift; sourceTree = "<group>"; };
/* End PBXFileReference section */

/* Begin PBXFrameworksBuildPhase section */
		9A6C77A628F229E400E1092D /* Frameworks */ = {
			isa = PBXFrameworksBuildPhase;
			buildActionMask = 2147483647;
			files = (
			);
			runOnlyForDeploymentPostprocessing = 0;
		};
/* End PBXFrameworksBuildPhase section */

/* Begin PBXGroup section */
		9A43DF4D28F7E006004DBE82 /* Scene */ = {
			isa = PBXGroup;
			children = (
				9A43DF6428F7E537004DBE82 /* Settings */,
				9A43DF6328F7E52D004DBE82 /* Signin */,
				9A43DF5928F7E3B5004DBE82 /* Edit */,
				9A43DF5828F7E3AF004DBE82 /* Post */,
				A913FA3D28F7CC0900ECA972 /* Calendar */,
				A919383A28F65D3500CC8B76 /* Home */,
			);
			path = Scene;
			sourceTree = "<group>";
		};
		9A43DF4E28F7E036004DBE82 /* Service */ = {
			isa = PBXGroup;
			children = (
			);
			path = Service;
			sourceTree = "<group>";
		};
		9A43DF4F28F7E045004DBE82 /* Extension */ = {
			isa = PBXGroup;
			children = (
				9A6C534328F7FBC900B13BF7 /* UIColorExtension.swift */,
			);
			path = Extension;
			sourceTree = "<group>";
		};
		9A43DF5128F7E0CA004DBE82 /* Storyboard */ = {
			isa = PBXGroup;
			children = (
				A919382328F64CED00CC8B76 /* Home.storyboard */,
			);
			path = Storyboard;
			sourceTree = "<group>";
		};
		9A43DF5228F7E0D4004DBE82 /* ViewController */ = {
			isa = PBXGroup;
			children = (
				A919382528F64E9900CC8B76 /* HomeViewController.swift */,
			);
			path = ViewController;
			sourceTree = "<group>";
		};
		9A43DF5328F7E0DF004DBE82 /* ViewModel */ = {
			isa = PBXGroup;
			children = (
			);
			path = ViewModel;
			sourceTree = "<group>";
		};
		9A43DF5428F7E156004DBE82 /* Common */ = {
			isa = PBXGroup;
			children = (
			);
			path = Common;
			sourceTree = "<group>";
		};
		9A43DF5528F7E386004DBE82 /* Storyboard */ = {
			isa = PBXGroup;
			children = (
				A913FA3E28F7CC2800ECA972 /* Calendar.storyboard */,
			);
			path = Storyboard;
			sourceTree = "<group>";
		};
		9A43DF5628F7E390004DBE82 /* ViewController */ = {
			isa = PBXGroup;
			children = (
				A913FA4028F7D09F00ECA972 /* CalendarViewController.swift */,
			);
			path = ViewController;
			sourceTree = "<group>";
		};
		9A43DF5728F7E397004DBE82 /* ViewModel */ = {
			isa = PBXGroup;
			children = (
			);
			path = ViewModel;
			sourceTree = "<group>";
		};
		9A43DF5828F7E3AF004DBE82 /* Post */ = {
			isa = PBXGroup;
			children = (
				9A43DF5C28F7E427004DBE82 /* ViewModel */,
				9A43DF5B28F7E3DF004DBE82 /* ViewController */,
				9A43DF5A28F7E3D8004DBE82 /* Storyboard */,
			);
			path = Post;
			sourceTree = "<group>";
		};
		9A43DF5928F7E3B5004DBE82 /* Edit */ = {
			isa = PBXGroup;
			children = (
				9A43DF5F28F7E445004DBE82 /* Storyboard */,
				9A43DF5E28F7E43D004DBE82 /* ViewController */,
				9A43DF5D28F7E438004DBE82 /* ViewModel */,
			);
			path = Edit;
			sourceTree = "<group>";
		};
		9A43DF5A28F7E3D8004DBE82 /* Storyboard */ = {
			isa = PBXGroup;
			children = (
				A919382E28F6597500CC8B76 /* Post.storyboard */,
			);
			path = Storyboard;
			sourceTree = "<group>";
		};
		9A43DF5B28F7E3DF004DBE82 /* ViewController */ = {
			isa = PBXGroup;
			children = (
				A919384128F65DDD00CC8B76 /* PostViewController.swift */,
			);
			path = ViewController;
			sourceTree = "<group>";
		};
		9A43DF5C28F7E427004DBE82 /* ViewModel */ = {
			isa = PBXGroup;
			children = (
			);
			path = ViewModel;
			sourceTree = "<group>";
		};
		9A43DF5D28F7E438004DBE82 /* ViewModel */ = {
			isa = PBXGroup;
			children = (
			);
			path = ViewModel;
			sourceTree = "<group>";
		};
		9A43DF5E28F7E43D004DBE82 /* ViewController */ = {
			isa = PBXGroup;
			children = (
				A919384328F65DE700CC8B76 /* EditViewController.swift */,
			);
			path = ViewController;
			sourceTree = "<group>";
		};
		9A43DF5F28F7E445004DBE82 /* Storyboard */ = {
			isa = PBXGroup;
			children = (
				A919383328F65A3900CC8B76 /* Edit.storyboard */,
			);
			path = Storyboard;
			sourceTree = "<group>";
		};
		9A43DF6328F7E52D004DBE82 /* Signin */ = {
			isa = PBXGroup;
			children = (
				9A43DF6B28F7E57F004DBE82 /* ViewModel */,
				9A43DF6A28F7E577004DBE82 /* ViewController */,
				9A43DF6928F7E570004DBE82 /* Storyboard */,
			);
			path = Signin;
			sourceTree = "<group>";
		};
		9A43DF6428F7E537004DBE82 /* Settings */ = {
			isa = PBXGroup;
			children = (
				9A43DF6828F7E56B004DBE82 /* Storyboard */,
				9A43DF6728F7E563004DBE82 /* ViewModel */,
				9A43DF6628F7E55C004DBE82 /* ViewController */,
			);
			path = Settings;
			sourceTree = "<group>";
		};
		9A43DF6528F7E54F004DBE82 /* Model */ = {
			isa = PBXGroup;
			children = (
			);
			path = Model;
			sourceTree = "<group>";
		};
		9A43DF6628F7E55C004DBE82 /* ViewController */ = {
			isa = PBXGroup;
			children = (
				A919383D28F65D8A00CC8B76 /* SettingsViewController.swift */,
			);
			path = ViewController;
			sourceTree = "<group>";
		};
		9A43DF6728F7E563004DBE82 /* ViewModel */ = {
			isa = PBXGroup;
			children = (
			);
			path = ViewModel;
			sourceTree = "<group>";
		};
		9A43DF6828F7E56B004DBE82 /* Storyboard */ = {
			isa = PBXGroup;
			children = (
				A919383528F65C1C00CC8B76 /* Settings.storyboard */,
			);
			path = Storyboard;
			sourceTree = "<group>";
		};
		9A43DF6928F7E570004DBE82 /* Storyboard */ = {
			isa = PBXGroup;
			children = (
				A919383728F65C9000CC8B76 /* SignIn.storyboard */,
			);
			path = Storyboard;
			sourceTree = "<group>";
		};
		9A43DF6A28F7E577004DBE82 /* ViewController */ = {
			isa = PBXGroup;
			children = (
				A919383F28F65D9E00CC8B76 /* SignInViewController.swift */,
			);
			path = ViewController;
			sourceTree = "<group>";
		};
		9A43DF6B28F7E57F004DBE82 /* ViewModel */ = {
			isa = PBXGroup;
			children = (
			);
			path = ViewModel;
			sourceTree = "<group>";
		};
		9A6C77A028F229E400E1092D = {
			isa = PBXGroup;
			children = (
				9A6C77AB28F229E400E1092D /* DiaryApp */,
				9A6C77AA28F229E400E1092D /* Products */,
			);
			sourceTree = "<group>";
		};
		9A6C77AA28F229E400E1092D /* Products */ = {
			isa = PBXGroup;
			children = (
				9A6C77A928F229E400E1092D /* DiaryApp.app */,
			);
			name = Products;
			sourceTree = "<group>";
		};
		9A6C77AB28F229E400E1092D /* DiaryApp */ = {
			isa = PBXGroup;
			children = (
				9A6C77AC28F229E400E1092D /* AppDelegate.swift */,
				9A6C77AE28F229E400E1092D /* SceneDelegate.swift */,
				9A6C77B728F229E500E1092D /* LaunchScreen.storyboard */,
				9A43DF6528F7E54F004DBE82 /* Model */,
				9A43DF5428F7E156004DBE82 /* Common */,
				9A43DF4F28F7E045004DBE82 /* Extension */,
				9A43DF4E28F7E036004DBE82 /* Service */,
				9A43DF4D28F7E006004DBE82 /* Scene */,
				9A6C77B528F229E500E1092D /* Assets.xcassets */,
				9A6C77BA28F229E500E1092D /* Info.plist */,
			);
			path = DiaryApp;
			sourceTree = "<group>";
		};
		A913FA3D28F7CC0900ECA972 /* Calendar */ = {
			isa = PBXGroup;
			children = (
				9A43DF5728F7E397004DBE82 /* ViewModel */,
				9A43DF5628F7E390004DBE82 /* ViewController */,
				9A43DF5528F7E386004DBE82 /* Storyboard */,
			);
			path = Calendar;
			sourceTree = "<group>";
		};
		A919383A28F65D3500CC8B76 /* Home */ = {
			isa = PBXGroup;
			children = (
				9A43DF5328F7E0DF004DBE82 /* ViewModel */,
				9A43DF5228F7E0D4004DBE82 /* ViewController */,
				9A43DF5128F7E0CA004DBE82 /* Storyboard */,
			);
			path = Home;
			sourceTree = "<group>";
		};
/* End PBXGroup section */

/* Begin PBXNativeTarget section */
		9A6C77A828F229E400E1092D /* DiaryApp */ = {
			isa = PBXNativeTarget;
			buildConfigurationList = 9A6C77BD28F229E500E1092D /* Build configuration list for PBXNativeTarget "DiaryApp" */;
			buildPhases = (
				9A6C77A528F229E400E1092D /* Sources */,
				9A6C77A628F229E400E1092D /* Frameworks */,
				9A6C77A728F229E400E1092D /* Resources */,
			);
			buildRules = (
			);
			dependencies = (
			);
			name = DiaryApp;
			productName = DiaryApp;
			productReference = 9A6C77A928F229E400E1092D /* DiaryApp.app */;
			productType = "com.apple.product-type.application";
		};
/* End PBXNativeTarget section */

/* Begin PBXProject section */
		9A6C77A128F229E400E1092D /* Project object */ = {
			isa = PBXProject;
			attributes = {
				BuildIndependentTargetsInParallel = 1;
				LastSwiftUpdateCheck = 1340;
				LastUpgradeCheck = 1340;
				TargetAttributes = {
					9A6C77A828F229E400E1092D = {
						CreatedOnToolsVersion = 13.4.1;
					};
				};
			};
			buildConfigurationList = 9A6C77A428F229E400E1092D /* Build configuration list for PBXProject "DiaryApp" */;
			compatibilityVersion = "Xcode 13.0";
			developmentRegion = en;
			hasScannedForEncodings = 0;
			knownRegions = (
				en,
				Base,
			);
			mainGroup = 9A6C77A028F229E400E1092D;
			productRefGroup = 9A6C77AA28F229E400E1092D /* Products */;
			projectDirPath = "";
			projectRoot = "";
			targets = (
				9A6C77A828F229E400E1092D /* DiaryApp */,
			);
		};
/* End PBXProject section */

/* Begin PBXResourcesBuildPhase section */
		9A6C77A728F229E400E1092D /* Resources */ = {
			isa = PBXResourcesBuildPhase;
			buildActionMask = 2147483647;
			files = (
				A919382F28F6597500CC8B76 /* Post.storyboard in Resources */,
				9A6C77B928F229E500E1092D /* LaunchScreen.storyboard in Resources */,
				A913FA3F28F7CC2800ECA972 /* Calendar.storyboard in Resources */,
				9A6C77B628F229E500E1092D /* Assets.xcassets in Resources */,
				A919383628F65C1C00CC8B76 /* Settings.storyboard in Resources */,
				A919383928F65C9000CC8B76 /* SignIn.storyboard in Resources */,
				A919382428F64CED00CC8B76 /* Home.storyboard in Resources */,
				A919383428F65A3900CC8B76 /* Edit.storyboard in Resources */,
			);
			runOnlyForDeploymentPostprocessing = 0;
		};
/* End PBXResourcesBuildPhase section */

/* Begin PBXSourcesBuildPhase section */
		9A6C77A528F229E400E1092D /* Sources */ = {
			isa = PBXSourcesBuildPhase;
			buildActionMask = 2147483647;
			files = (
				A919384028F65D9E00CC8B76 /* SignInViewController.swift in Sources */,
				9A6C77AD28F229E400E1092D /* AppDelegate.swift in Sources */,
				9A6C77AF28F229E400E1092D /* SceneDelegate.swift in Sources */,
				A919384428F65DE700CC8B76 /* EditViewController.swift in Sources */,
				A919383E28F65D8A00CC8B76 /* SettingsViewController.swift in Sources */,
				9A6C534428F7FBC900B13BF7 /* UIColorExtension.swift in Sources */,
				A913FA4128F7D09F00ECA972 /* CalendarViewController.swift in Sources */,
				A919382628F64E9900CC8B76 /* HomeViewController.swift in Sources */,
				A919384228F65DDD00CC8B76 /* PostViewController.swift in Sources */,
			);
			runOnlyForDeploymentPostprocessing = 0;
		};
/* End PBXSourcesBuildPhase section */

/* Begin PBXVariantGroup section */
		9A6C77B728F229E500E1092D /* LaunchScreen.storyboard */ = {
			isa = PBXVariantGroup;
			children = (
				9A6C77B828F229E500E1092D /* Base */,
			);
			name = LaunchScreen.storyboard;
			sourceTree = "<group>";
		};
		A919383728F65C9000CC8B76 /* SignIn.storyboard */ = {
			isa = PBXVariantGroup;
			children = (
				A919383828F65C9000CC8B76 /* Base */,
			);
			name = SignIn.storyboard;
			sourceTree = "<group>";
		};
/* End PBXVariantGroup section */

/* Begin XCBuildConfiguration section */
		9A6C77BB28F229E500E1092D /* Debug */ = {
			isa = XCBuildConfiguration;
			buildSettings = {
				ALWAYS_SEARCH_USER_PATHS = NO;
				CLANG_ANALYZER_NONNULL = YES;
				CLANG_ANALYZER_NUMBER_OBJECT_CONVERSION = YES_AGGRESSIVE;
				CLANG_CXX_LANGUAGE_STANDARD = "gnu++17";
				CLANG_ENABLE_MODULES = YES;
				CLANG_ENABLE_OBJC_ARC = YES;
				CLANG_ENABLE_OBJC_WEAK = YES;
				CLANG_WARN_BLOCK_CAPTURE_AUTORELEASING = YES;
				CLANG_WARN_BOOL_CONVERSION = YES;
				CLANG_WARN_COMMA = YES;
				CLANG_WARN_CONSTANT_CONVERSION = YES;
				CLANG_WARN_DEPRECATED_OBJC_IMPLEMENTATIONS = YES;
				CLANG_WARN_DIRECT_OBJC_ISA_USAGE = YES_ERROR;
				CLANG_WARN_DOCUMENTATION_COMMENTS = YES;
				CLANG_WARN_EMPTY_BODY = YES;
				CLANG_WARN_ENUM_CONVERSION = YES;
				CLANG_WARN_INFINITE_RECURSION = YES;
				CLANG_WARN_INT_CONVERSION = YES;
				CLANG_WARN_NON_LITERAL_NULL_CONVERSION = YES;
				CLANG_WARN_OBJC_IMPLICIT_RETAIN_SELF = YES;
				CLANG_WARN_OBJC_LITERAL_CONVERSION = YES;
				CLANG_WARN_OBJC_ROOT_CLASS = YES_ERROR;
				CLANG_WARN_QUOTED_INCLUDE_IN_FRAMEWORK_HEADER = YES;
				CLANG_WARN_RANGE_LOOP_ANALYSIS = YES;
				CLANG_WARN_STRICT_PROTOTYPES = YES;
				CLANG_WARN_SUSPICIOUS_MOVE = YES;
				CLANG_WARN_UNGUARDED_AVAILABILITY = YES_AGGRESSIVE;
				CLANG_WARN_UNREACHABLE_CODE = YES;
				CLANG_WARN__DUPLICATE_METHOD_MATCH = YES;
				COPY_PHASE_STRIP = NO;
				DEBUG_INFORMATION_FORMAT = dwarf;
				ENABLE_STRICT_OBJC_MSGSEND = YES;
				ENABLE_TESTABILITY = YES;
				GCC_C_LANGUAGE_STANDARD = gnu11;
				GCC_DYNAMIC_NO_PIC = NO;
				GCC_NO_COMMON_BLOCKS = YES;
				GCC_OPTIMIZATION_LEVEL = 0;
				GCC_PREPROCESSOR_DEFINITIONS = (
					"DEBUG=1",
					"$(inherited)",
				);
				GCC_WARN_64_TO_32_BIT_CONVERSION = YES;
				GCC_WARN_ABOUT_RETURN_TYPE = YES_ERROR;
				GCC_WARN_UNDECLARED_SELECTOR = YES;
				GCC_WARN_UNINITIALIZED_AUTOS = YES_AGGRESSIVE;
				GCC_WARN_UNUSED_FUNCTION = YES;
				GCC_WARN_UNUSED_VARIABLE = YES;
				IPHONEOS_DEPLOYMENT_TARGET = 15.5;
				MTL_ENABLE_DEBUG_INFO = INCLUDE_SOURCE;
				MTL_FAST_MATH = YES;
				ONLY_ACTIVE_ARCH = YES;
				SDKROOT = iphoneos;
				SWIFT_ACTIVE_COMPILATION_CONDITIONS = DEBUG;
				SWIFT_OPTIMIZATION_LEVEL = "-Onone";
			};
			name = Debug;
		};
		9A6C77BC28F229E500E1092D /* Release */ = {
			isa = XCBuildConfiguration;
			buildSettings = {
				ALWAYS_SEARCH_USER_PATHS = NO;
				CLANG_ANALYZER_NONNULL = YES;
				CLANG_ANALYZER_NUMBER_OBJECT_CONVERSION = YES_AGGRESSIVE;
				CLANG_CXX_LANGUAGE_STANDARD = "gnu++17";
				CLANG_ENABLE_MODULES = YES;
				CLANG_ENABLE_OBJC_ARC = YES;
				CLANG_ENABLE_OBJC_WEAK = YES;
				CLANG_WARN_BLOCK_CAPTURE_AUTORELEASING = YES;
				CLANG_WARN_BOOL_CONVERSION = YES;
				CLANG_WARN_COMMA = YES;
				CLANG_WARN_CONSTANT_CONVERSION = YES;
				CLANG_WARN_DEPRECATED_OBJC_IMPLEMENTATIONS = YES;
				CLANG_WARN_DIRECT_OBJC_ISA_USAGE = YES_ERROR;
				CLANG_WARN_DOCUMENTATION_COMMENTS = YES;
				CLANG_WARN_EMPTY_BODY = YES;
				CLANG_WARN_ENUM_CONVERSION = YES;
				CLANG_WARN_INFINITE_RECURSION = YES;
				CLANG_WARN_INT_CONVERSION = YES;
				CLANG_WARN_NON_LITERAL_NULL_CONVERSION = YES;
				CLANG_WARN_OBJC_IMPLICIT_RETAIN_SELF = YES;
				CLANG_WARN_OBJC_LITERAL_CONVERSION = YES;
				CLANG_WARN_OBJC_ROOT_CLASS = YES_ERROR;
				CLANG_WARN_QUOTED_INCLUDE_IN_FRAMEWORK_HEADER = YES;
				CLANG_WARN_RANGE_LOOP_ANALYSIS = YES;
				CLANG_WARN_STRICT_PROTOTYPES = YES;
				CLANG_WARN_SUSPICIOUS_MOVE = YES;
				CLANG_WARN_UNGUARDED_AVAILABILITY = YES_AGGRESSIVE;
				CLANG_WARN_UNREACHABLE_CODE = YES;
				CLANG_WARN__DUPLICATE_METHOD_MATCH = YES;
				COPY_PHASE_STRIP = NO;
				DEBUG_INFORMATION_FORMAT = "dwarf-with-dsym";
				ENABLE_NS_ASSERTIONS = NO;
				ENABLE_STRICT_OBJC_MSGSEND = YES;
				GCC_C_LANGUAGE_STANDARD = gnu11;
				GCC_NO_COMMON_BLOCKS = YES;
				GCC_WARN_64_TO_32_BIT_CONVERSION = YES;
				GCC_WARN_ABOUT_RETURN_TYPE = YES_ERROR;
				GCC_WARN_UNDECLARED_SELECTOR = YES;
				GCC_WARN_UNINITIALIZED_AUTOS = YES_AGGRESSIVE;
				GCC_WARN_UNUSED_FUNCTION = YES;
				GCC_WARN_UNUSED_VARIABLE = YES;
				IPHONEOS_DEPLOYMENT_TARGET = 15.5;
				MTL_ENABLE_DEBUG_INFO = NO;
				MTL_FAST_MATH = YES;
				SDKROOT = iphoneos;
				SWIFT_COMPILATION_MODE = wholemodule;
				SWIFT_OPTIMIZATION_LEVEL = "-O";
				VALIDATE_PRODUCT = YES;
			};
			name = Release;
		};
		9A6C77BE28F229E500E1092D /* Debug */ = {
			isa = XCBuildConfiguration;
			buildSettings = {
				ASSETCATALOG_COMPILER_APPICON_NAME = AppIcon;
				ASSETCATALOG_COMPILER_GLOBAL_ACCENT_COLOR_NAME = AccentColor;
				CODE_SIGN_IDENTITY = "Apple Development";
				"CODE_SIGN_IDENTITY[sdk=iphoneos*]" = "iPhone Developer";
				CODE_SIGN_STYLE = Automatic;
				CURRENT_PROJECT_VERSION = 1;
				DEVELOPMENT_TEAM = URTJJ24R4X;
				"DEVELOPMENT_TEAM[sdk=iphoneos*]" = 6RZ3FF956G;
				GENERATE_INFOPLIST_FILE = YES;
				INFOPLIST_FILE = DiaryApp/Info.plist;
				INFOPLIST_KEY_CFBundleDisplayName = "하루끝";
				INFOPLIST_KEY_UIApplicationSupportsIndirectInputEvents = YES;
				INFOPLIST_KEY_UILaunchStoryboardName = LaunchScreen;
				INFOPLIST_KEY_UIMainStoryboardFile = Home;
				INFOPLIST_KEY_UISupportedInterfaceOrientations_iPad = "UIInterfaceOrientationPortrait UIInterfaceOrientationPortraitUpsideDown UIInterfaceOrientationLandscapeLeft UIInterfaceOrientationLandscapeRight";
				INFOPLIST_KEY_UISupportedInterfaceOrientations_iPhone = "UIInterfaceOrientationPortrait UIInterfaceOrientationLandscapeLeft UIInterfaceOrientationLandscapeRight";
				IPHONEOS_DEPLOYMENT_TARGET = 14.0;
				LD_RUNPATH_SEARCH_PATHS = (
					"$(inherited)",
					"@executable_path/Frameworks",
				);
				MARKETING_VERSION = 1.0;
				PRODUCT_BUNDLE_IDENTIFIER = com.diaryOfficial.DiaryApp;
				PRODUCT_NAME = "$(TARGET_NAME)";
				PROVISIONING_PROFILE_SPECIFIER = "";
				"PROVISIONING_PROFILE_SPECIFIER[sdk=iphoneos*]" = dev_diaryApp;
				SWIFT_EMIT_LOC_STRINGS = YES;
				SWIFT_VERSION = 5.0;
				TARGETED_DEVICE_FAMILY = 1;
			};
			name = Debug;
		};
		9A6C77BF28F229E500E1092D /* Release */ = {
			isa = XCBuildConfiguration;
			buildSettings = {
				ASSETCATALOG_COMPILER_APPICON_NAME = AppIcon;
				ASSETCATALOG_COMPILER_GLOBAL_ACCENT_COLOR_NAME = AccentColor;
				CODE_SIGN_IDENTITY = "Apple Development";
				"CODE_SIGN_IDENTITY[sdk=iphoneos*]" = "iPhone Distribution";
				CODE_SIGN_STYLE = Automatic;
				CURRENT_PROJECT_VERSION = 1;
				DEVELOPMENT_TEAM = URTJJ24R4X;
				"DEVELOPMENT_TEAM[sdk=iphoneos*]" = 6RZ3FF956G;
				GENERATE_INFOPLIST_FILE = YES;
				INFOPLIST_FILE = DiaryApp/Info.plist;
				INFOPLIST_KEY_CFBundleDisplayName = "하루끝";
				INFOPLIST_KEY_UIApplicationSupportsIndirectInputEvents = YES;
				INFOPLIST_KEY_UILaunchStoryboardName = LaunchScreen;
				INFOPLIST_KEY_UIMainStoryboardFile = Home;
				INFOPLIST_KEY_UISupportedInterfaceOrientations_iPad = "UIInterfaceOrientationPortrait UIInterfaceOrientationPortraitUpsideDown UIInterfaceOrientationLandscapeLeft UIInterfaceOrientationLandscapeRight";
				INFOPLIST_KEY_UISupportedInterfaceOrientations_iPhone = "UIInterfaceOrientationPortrait UIInterfaceOrientationLandscapeLeft UIInterfaceOrientationLandscapeRight";
				IPHONEOS_DEPLOYMENT_TARGET = 14.0;
				LD_RUNPATH_SEARCH_PATHS = (
					"$(inherited)",
					"@executable_path/Frameworks",
				);
				MARKETING_VERSION = 1.0;
				PRODUCT_BUNDLE_IDENTIFIER = com.diaryOfficial.DiaryApp;
				PRODUCT_NAME = "$(TARGET_NAME)";
				PROVISIONING_PROFILE_SPECIFIER = "";
				"PROVISIONING_PROFILE_SPECIFIER[sdk=iphoneos*]" = adhoc_diaryApp;
				SWIFT_EMIT_LOC_STRINGS = YES;
				SWIFT_VERSION = 5.0;
				TARGETED_DEVICE_FAMILY = 1;
			};
			name = Release;
		};
/* End XCBuildConfiguration section */

/* Begin XCConfigurationList section */
		9A6C77A428F229E400E1092D /* Build configuration list for PBXProject "DiaryApp" */ = {
			isa = XCConfigurationList;
			buildConfigurations = (
				9A6C77BB28F229E500E1092D /* Debug */,
				9A6C77BC28F229E500E1092D /* Release */,
			);
			defaultConfigurationIsVisible = 0;
			defaultConfigurationName = Release;
		};
		9A6C77BD28F229E500E1092D /* Build configuration list for PBXNativeTarget "DiaryApp" */ = {
			isa = XCConfigurationList;
			buildConfigurations = (
				9A6C77BE28F229E500E1092D /* Debug */,
				9A6C77BF28F229E500E1092D /* Release */,
			);
			defaultConfigurationIsVisible = 0;
			defaultConfigurationName = Release;
		};
/* End XCConfigurationList section */
	};
	rootObject = 9A6C77A128F229E400E1092D /* Project object */;
}
