// !$*UTF8*$!
{
	archiveVersion = 1;
	classes = {
	};
	objectVersion = 55;
	objects = {

/* Begin PBXBuildFile section */
		9A1FCCA128FA9A73001B1584 /* UIButtonExtension.swift in Sources */ = {isa = PBXBuildFile; fileRef = 9A1FCCA028FA9A73001B1584 /* UIButtonExtension.swift */; };
		9A1FCCA528FE81C2001B1584 /* UINavigationExtension.swift in Sources */ = {isa = PBXBuildFile; fileRef = 9A1FCCA428FE81C2001B1584 /* UINavigationExtension.swift */; };
		9A1FCCA828FEA102001B1584 /* NavigationBarUtils.swift in Sources */ = {isa = PBXBuildFile; fileRef = 9A1FCCA728FEA102001B1584 /* NavigationBarUtils.swift */; };
		9A1FCCAA28FFB162001B1584 /* PostService.swift in Sources */ = {isa = PBXBuildFile; fileRef = 9A1FCCA928FFB162001B1584 /* PostService.swift */; };
		9A1FCCAC28FFB17E001B1584 /* PostViewModel.swift in Sources */ = {isa = PBXBuildFile; fileRef = 9A1FCCAB28FFB17E001B1584 /* PostViewModel.swift */; };
		9A1FCCAE28FFB1BB001B1584 /* SettingsViewModel.swift in Sources */ = {isa = PBXBuildFile; fileRef = 9A1FCCAD28FFB1BB001B1584 /* SettingsViewModel.swift */; };
		9A1FCCB028FFB1CE001B1584 /* SignInService.swift in Sources */ = {isa = PBXBuildFile; fileRef = 9A1FCCAF28FFB1CE001B1584 /* SignInService.swift */; };
		9A1FCCB428FFB24E001B1584 /* SignInViewModel.swift in Sources */ = {isa = PBXBuildFile; fileRef = 9A1FCCB328FFB24E001B1584 /* SignInViewModel.swift */; };
		9A1FCCBA28FFB302001B1584 /* SettingsTableViewCell.swift in Sources */ = {isa = PBXBuildFile; fileRef = 9A1FCCB928FFB302001B1584 /* SettingsTableViewCell.swift */; };
		9A1FCCC128FFB3DF001B1584 /* PostViewerViewModel.swift in Sources */ = {isa = PBXBuildFile; fileRef = 9A1FCCC028FFB3DF001B1584 /* PostViewerViewModel.swift */; };
		9A1FCCC328FFB3F3001B1584 /* CalendarViewModel.swift in Sources */ = {isa = PBXBuildFile; fileRef = 9A1FCCC228FFB3F3001B1584 /* CalendarViewModel.swift */; };
		9A1FCCC528FFB40A001B1584 /* HomeViewModel.swift in Sources */ = {isa = PBXBuildFile; fileRef = 9A1FCCC428FFB40A001B1584 /* HomeViewModel.swift */; };
		9A1FCCC728FFB9B4001B1584 /* RootViewUtils.swift in Sources */ = {isa = PBXBuildFile; fileRef = 9A1FCCC628FFB9B4001B1584 /* RootViewUtils.swift */; };
		9A6C534428F7FBC900B13BF7 /* UIColorExtension.swift in Sources */ = {isa = PBXBuildFile; fileRef = 9A6C534328F7FBC900B13BF7 /* UIColorExtension.swift */; };
		9A6C537728FA631C00B13BF7 /* EF_Diary.ttf in Resources */ = {isa = PBXBuildFile; fileRef = 9A6C537628FA631C00B13BF7 /* EF_Diary.ttf */; };
		9A6C77AD28F229E400E1092D /* AppDelegate.swift in Sources */ = {isa = PBXBuildFile; fileRef = 9A6C77AC28F229E400E1092D /* AppDelegate.swift */; };
		9A6C77AF28F229E400E1092D /* SceneDelegate.swift in Sources */ = {isa = PBXBuildFile; fileRef = 9A6C77AE28F229E400E1092D /* SceneDelegate.swift */; };
		9A6C77B628F229E500E1092D /* Assets.xcassets in Resources */ = {isa = PBXBuildFile; fileRef = 9A6C77B528F229E500E1092D /* Assets.xcassets */; };
		9A6C77B928F229E500E1092D /* LaunchScreen.storyboard in Resources */ = {isa = PBXBuildFile; fileRef = 9A6C77B728F229E500E1092D /* LaunchScreen.storyboard */; };
		9AAB90C729010F34004141A4 /* HomePostCollectionReusableView.swift in Sources */ = {isa = PBXBuildFile; fileRef = 9AAB90C629010F34004141A4 /* HomePostCollectionReusableView.swift */; };
		A913FA3F28F7CC2800ECA972 /* Calendar.storyboard in Resources */ = {isa = PBXBuildFile; fileRef = A913FA3E28F7CC2800ECA972 /* Calendar.storyboard */; };
		A913FA4128F7D09F00ECA972 /* CalendarViewController.swift in Sources */ = {isa = PBXBuildFile; fileRef = A913FA4028F7D09F00ECA972 /* CalendarViewController.swift */; };
		A913FA9D28F91FF500ECA972 /* PostViewController.swift in Sources */ = {isa = PBXBuildFile; fileRef = A913FA9C28F91FF500ECA972 /* PostViewController.swift */; };
		A913FA9F28F9203300ECA972 /* Post.storyboard in Resources */ = {isa = PBXBuildFile; fileRef = A913FA9E28F9203300ECA972 /* Post.storyboard */; };
		A919382428F64CED00CC8B76 /* Home.storyboard in Resources */ = {isa = PBXBuildFile; fileRef = A919382328F64CED00CC8B76 /* Home.storyboard */; };
		A919382628F64E9900CC8B76 /* HomeViewController.swift in Sources */ = {isa = PBXBuildFile; fileRef = A919382528F64E9900CC8B76 /* HomeViewController.swift */; };
		A919382F28F6597500CC8B76 /* PostViewer.storyboard in Resources */ = {isa = PBXBuildFile; fileRef = A919382E28F6597500CC8B76 /* PostViewer.storyboard */; };
		A919383628F65C1C00CC8B76 /* Settings.storyboard in Resources */ = {isa = PBXBuildFile; fileRef = A919383528F65C1C00CC8B76 /* Settings.storyboard */; };
		A919383928F65C9000CC8B76 /* SignIn.storyboard in Resources */ = {isa = PBXBuildFile; fileRef = A919383728F65C9000CC8B76 /* SignIn.storyboard */; };
		A919383E28F65D8A00CC8B76 /* SettingsViewController.swift in Sources */ = {isa = PBXBuildFile; fileRef = A919383D28F65D8A00CC8B76 /* SettingsViewController.swift */; };
		A919384028F65D9E00CC8B76 /* SignInViewController.swift in Sources */ = {isa = PBXBuildFile; fileRef = A919383F28F65D9E00CC8B76 /* SignInViewController.swift */; };
		A919384228F65DDD00CC8B76 /* PostViewerViewController.swift in Sources */ = {isa = PBXBuildFile; fileRef = A919384128F65DDD00CC8B76 /* PostViewerViewController.swift */; };
		A95E03C12902262800F73A33 /* CalendarCollectionViewCell.swift in Sources */ = {isa = PBXBuildFile; fileRef = A95E03C02902262800F73A33 /* CalendarCollectionViewCell.swift */; };
		A9C2A6DA28FD5C0A000EB06D /* TempPost.swift in Sources */ = {isa = PBXBuildFile; fileRef = A9C2A6D928FD5C0A000EB06D /* TempPost.swift */; };
		A9C2A6DC28FD6A9D000EB06D /* TempDataManager.swift in Sources */ = {isa = PBXBuildFile; fileRef = A9C2A6DB28FD6A9D000EB06D /* TempDataManager.swift */; };
		A9C2A6DE28FD7F95000EB06D /* HomePostCollectionViewCell.swift in Sources */ = {isa = PBXBuildFile; fileRef = A9C2A6DD28FD7F95000EB06D /* HomePostCollectionViewCell.swift */; };
		A9C8B9C728FF90CC006B7D09 /* DateExtension.swift in Sources */ = {isa = PBXBuildFile; fileRef = A9C8B9C628FF90CC006B7D09 /* DateExtension.swift */; };
		A9C8B9C928FF90F5006B7D09 /* StringExtension.swift in Sources */ = {isa = PBXBuildFile; fileRef = A9C8B9C828FF90F5006B7D09 /* StringExtension.swift */; };
/* End PBXBuildFile section */

/* Begin PBXFileReference section */
		9A1FCCA028FA9A73001B1584 /* UIButtonExtension.swift */ = {isa = PBXFileReference; lastKnownFileType = sourcecode.swift; path = UIButtonExtension.swift; sourceTree = "<group>"; };
		9A1FCCA428FE81C2001B1584 /* UINavigationExtension.swift */ = {isa = PBXFileReference; lastKnownFileType = sourcecode.swift; path = UINavigationExtension.swift; sourceTree = "<group>"; };
		9A1FCCA728FEA102001B1584 /* NavigationBarUtils.swift */ = {isa = PBXFileReference; lastKnownFileType = sourcecode.swift; path = NavigationBarUtils.swift; sourceTree = "<group>"; };
		9A1FCCA928FFB162001B1584 /* PostService.swift */ = {isa = PBXFileReference; lastKnownFileType = sourcecode.swift; path = PostService.swift; sourceTree = "<group>"; };
		9A1FCCAB28FFB17E001B1584 /* PostViewModel.swift */ = {isa = PBXFileReference; lastKnownFileType = sourcecode.swift; path = PostViewModel.swift; sourceTree = "<group>"; };
		9A1FCCAD28FFB1BB001B1584 /* SettingsViewModel.swift */ = {isa = PBXFileReference; lastKnownFileType = sourcecode.swift; path = SettingsViewModel.swift; sourceTree = "<group>"; };
		9A1FCCAF28FFB1CE001B1584 /* SignInService.swift */ = {isa = PBXFileReference; lastKnownFileType = sourcecode.swift; path = SignInService.swift; sourceTree = "<group>"; };
		9A1FCCB328FFB24E001B1584 /* SignInViewModel.swift */ = {isa = PBXFileReference; lastKnownFileType = sourcecode.swift; path = SignInViewModel.swift; sourceTree = "<group>"; };
		9A1FCCB928FFB302001B1584 /* SettingsTableViewCell.swift */ = {isa = PBXFileReference; lastKnownFileType = sourcecode.swift; path = SettingsTableViewCell.swift; sourceTree = "<group>"; };
		9A1FCCC028FFB3DF001B1584 /* PostViewerViewModel.swift */ = {isa = PBXFileReference; lastKnownFileType = sourcecode.swift; path = PostViewerViewModel.swift; sourceTree = "<group>"; };
		9A1FCCC228FFB3F3001B1584 /* CalendarViewModel.swift */ = {isa = PBXFileReference; lastKnownFileType = sourcecode.swift; path = CalendarViewModel.swift; sourceTree = "<group>"; };
		9A1FCCC428FFB40A001B1584 /* HomeViewModel.swift */ = {isa = PBXFileReference; lastKnownFileType = sourcecode.swift; path = HomeViewModel.swift; sourceTree = "<group>"; };
		9A1FCCC628FFB9B4001B1584 /* RootViewUtils.swift */ = {isa = PBXFileReference; lastKnownFileType = sourcecode.swift; path = RootViewUtils.swift; sourceTree = "<group>"; };
		9A6C534328F7FBC900B13BF7 /* UIColorExtension.swift */ = {isa = PBXFileReference; lastKnownFileType = sourcecode.swift; path = UIColorExtension.swift; sourceTree = "<group>"; };
		9A6C537628FA631C00B13BF7 /* EF_Diary.ttf */ = {isa = PBXFileReference; lastKnownFileType = file; path = EF_Diary.ttf; sourceTree = "<group>"; };
		9A6C77A928F229E400E1092D /* DiaryApp.app */ = {isa = PBXFileReference; explicitFileType = wrapper.application; includeInIndex = 0; path = DiaryApp.app; sourceTree = BUILT_PRODUCTS_DIR; };
		9A6C77AC28F229E400E1092D /* AppDelegate.swift */ = {isa = PBXFileReference; lastKnownFileType = sourcecode.swift; path = AppDelegate.swift; sourceTree = "<group>"; };
		9A6C77AE28F229E400E1092D /* SceneDelegate.swift */ = {isa = PBXFileReference; lastKnownFileType = sourcecode.swift; path = SceneDelegate.swift; sourceTree = "<group>"; };
		9A6C77B528F229E500E1092D /* Assets.xcassets */ = {isa = PBXFileReference; lastKnownFileType = folder.assetcatalog; path = Assets.xcassets; sourceTree = "<group>"; };
		9A6C77B828F229E500E1092D /* Base */ = {isa = PBXFileReference; lastKnownFileType = file.storyboard; name = Base; path = Base.lproj/LaunchScreen.storyboard; sourceTree = "<group>"; };
		9A6C77BA28F229E500E1092D /* Info.plist */ = {isa = PBXFileReference; lastKnownFileType = text.plist.xml; path = Info.plist; sourceTree = "<group>"; };
		9AAB90C629010F34004141A4 /* HomePostCollectionReusableView.swift */ = {isa = PBXFileReference; lastKnownFileType = sourcecode.swift; path = HomePostCollectionReusableView.swift; sourceTree = "<group>"; };
		A913FA3E28F7CC2800ECA972 /* Calendar.storyboard */ = {isa = PBXFileReference; lastKnownFileType = file.storyboard; path = Calendar.storyboard; sourceTree = "<group>"; };
		A913FA4028F7D09F00ECA972 /* CalendarViewController.swift */ = {isa = PBXFileReference; lastKnownFileType = sourcecode.swift; path = CalendarViewController.swift; sourceTree = "<group>"; };
		A913FA9C28F91FF500ECA972 /* PostViewController.swift */ = {isa = PBXFileReference; lastKnownFileType = sourcecode.swift; path = PostViewController.swift; sourceTree = "<group>"; };
		A913FA9E28F9203300ECA972 /* Post.storyboard */ = {isa = PBXFileReference; lastKnownFileType = file.storyboard; path = Post.storyboard; sourceTree = "<group>"; };
		A919382328F64CED00CC8B76 /* Home.storyboard */ = {isa = PBXFileReference; lastKnownFileType = file.storyboard; path = Home.storyboard; sourceTree = "<group>"; };
		A919382528F64E9900CC8B76 /* HomeViewController.swift */ = {isa = PBXFileReference; lastKnownFileType = sourcecode.swift; path = HomeViewController.swift; sourceTree = "<group>"; };
		A919382E28F6597500CC8B76 /* PostViewer.storyboard */ = {isa = PBXFileReference; fileEncoding = 4; lastKnownFileType = file.storyboard; path = PostViewer.storyboard; sourceTree = "<group>"; };
		A919383528F65C1C00CC8B76 /* Settings.storyboard */ = {isa = PBXFileReference; fileEncoding = 4; lastKnownFileType = file.storyboard; path = Settings.storyboard; sourceTree = "<group>"; };
		A919383828F65C9000CC8B76 /* Base */ = {isa = PBXFileReference; lastKnownFileType = file.storyboard; name = Base; path = DiaryApp/Views/Base.lproj/SignIn.storyboard; sourceTree = "<group>"; };
		A919383D28F65D8A00CC8B76 /* SettingsViewController.swift */ = {isa = PBXFileReference; lastKnownFileType = sourcecode.swift; path = SettingsViewController.swift; sourceTree = "<group>"; };
		A919383F28F65D9E00CC8B76 /* SignInViewController.swift */ = {isa = PBXFileReference; lastKnownFileType = sourcecode.swift; path = SignInViewController.swift; sourceTree = "<group>"; };
		A919384128F65DDD00CC8B76 /* PostViewerViewController.swift */ = {isa = PBXFileReference; lastKnownFileType = sourcecode.swift; path = PostViewerViewController.swift; sourceTree = "<group>"; };
		A95E03C02902262800F73A33 /* CalendarCollectionViewCell.swift */ = {isa = PBXFileReference; lastKnownFileType = sourcecode.swift; path = CalendarCollectionViewCell.swift; sourceTree = "<group>"; };
		A9C2A6D928FD5C0A000EB06D /* TempPost.swift */ = {isa = PBXFileReference; lastKnownFileType = sourcecode.swift; path = TempPost.swift; sourceTree = "<group>"; };
		A9C2A6DB28FD6A9D000EB06D /* TempDataManager.swift */ = {isa = PBXFileReference; lastKnownFileType = sourcecode.swift; path = TempDataManager.swift; sourceTree = "<group>"; };
		A9C2A6DD28FD7F95000EB06D /* HomePostCollectionViewCell.swift */ = {isa = PBXFileReference; lastKnownFileType = sourcecode.swift; path = HomePostCollectionViewCell.swift; sourceTree = "<group>"; };
		A9C8B9C628FF90CC006B7D09 /* DateExtension.swift */ = {isa = PBXFileReference; lastKnownFileType = sourcecode.swift; path = DateExtension.swift; sourceTree = "<group>"; };
		A9C8B9C828FF90F5006B7D09 /* StringExtension.swift */ = {isa = PBXFileReference; lastKnownFileType = sourcecode.swift; path = StringExtension.swift; sourceTree = "<group>"; };
/* End PBXFileReference section */

/* Begin PBXFrameworksBuildPhase section */
		9A6C77A628F229E400E1092D /* Frameworks */ = {
			isa = PBXFrameworksBuildPhase;
			buildActionMask = 2147483647;
			files = (
			);
			runOnlyForDeploymentPostprocessing = 0;
		};
/* End PBXFrameworksBuildPhase section */

/* Begin PBXGroup section */
		9A1FCCA628FEA0DB001B1584 /* Utils */ = {
			isa = PBXGroup;
			children = (
				9A1FCCA728FEA102001B1584 /* NavigationBarUtils.swift */,
				9A1FCCC628FFB9B4001B1584 /* RootViewUtils.swift */,
			);
			path = Utils;
			sourceTree = "<group>";
		};
		9A1FCCB528FFB265001B1584 /* View */ = {
			isa = PBXGroup;
			children = (
				9A1FCCB828FFB2D4001B1584 /* Cell */,
				9A1FCCB728FFB2C7001B1584 /* ViewController */,
				9A1FCCB628FFB2BE001B1584 /* Storyboard */,
			);
			path = View;
			sourceTree = "<group>";
		};
		9A1FCCB628FFB2BE001B1584 /* Storyboard */ = {
			isa = PBXGroup;
			children = (
				A919383528F65C1C00CC8B76 /* Settings.storyboard */,
			);
			path = Storyboard;
			sourceTree = "<group>";
		};
		9A1FCCB728FFB2C7001B1584 /* ViewController */ = {
			isa = PBXGroup;
			children = (
				A919383D28F65D8A00CC8B76 /* SettingsViewController.swift */,
			);
			path = ViewController;
			sourceTree = "<group>";
		};
		9A1FCCB828FFB2D4001B1584 /* Cell */ = {
			isa = PBXGroup;
			children = (
				9A1FCCB928FFB302001B1584 /* SettingsTableViewCell.swift */,
			);
			path = Cell;
			sourceTree = "<group>";
		};
		9A1FCCBB28FFB319001B1584 /* View */ = {
			isa = PBXGroup;
			children = (
				9A43DF6A28F7E577004DBE82 /* ViewController */,
				9A43DF6928F7E570004DBE82 /* Storyboard */,
			);
			path = View;
			sourceTree = "<group>";
		};
		9A1FCCBC28FFB334001B1584 /* View */ = {
			isa = PBXGroup;
			children = (
				A95E03BF2902260D00F73A33 /* Cell */,
				9A43DF5628F7E390004DBE82 /* ViewController */,
				9A43DF5528F7E386004DBE82 /* Storyboard */,
			);
			path = View;
			sourceTree = "<group>";
		};
		9A1FCCBF28FFB3CE001B1584 /* ViewModel */ = {
			isa = PBXGroup;
			children = (
				9A1FCCC028FFB3DF001B1584 /* PostViewerViewModel.swift */,
			);
			path = ViewModel;
			sourceTree = "<group>";
		};
		9A43DF4D28F7E006004DBE82 /* Scene */ = {
			isa = PBXGroup;
			children = (
				A913FA9828F91F6B00ECA972 /* Post */,
				9A43DF6428F7E537004DBE82 /* Settings */,
				9A43DF6328F7E52D004DBE82 /* Signin */,
				9A43DF5828F7E3AF004DBE82 /* PostVeiwer */,
				A913FA3D28F7CC0900ECA972 /* Calendar */,
				A919383A28F65D3500CC8B76 /* Home */,
			);
			path = Scene;
			sourceTree = "<group>";
		};
		9A43DF4E28F7E036004DBE82 /* Service */ = {
			isa = PBXGroup;
			children = (
				9A1FCCA928FFB162001B1584 /* PostService.swift */,
				9A1FCCAF28FFB1CE001B1584 /* SignInService.swift */,
			);
			path = Service;
			sourceTree = "<group>";
		};
		9A43DF4F28F7E045004DBE82 /* Extensions */ = {
			isa = PBXGroup;
			children = (
				9A6C534328F7FBC900B13BF7 /* UIColorExtension.swift */,
				9A1FCCA028FA9A73001B1584 /* UIButtonExtension.swift */,
				9A1FCCA428FE81C2001B1584 /* UINavigationExtension.swift */,
				A9C8B9C628FF90CC006B7D09 /* DateExtension.swift */,
				A9C8B9C828FF90F5006B7D09 /* StringExtension.swift */,
			);
			path = Extensions;
			sourceTree = "<group>";
		};
		9A43DF5128F7E0CA004DBE82 /* Storyboard */ = {
			isa = PBXGroup;
			children = (
				A919382328F64CED00CC8B76 /* Home.storyboard */,
			);
			path = Storyboard;
			sourceTree = "<group>";
		};
		9A43DF5228F7E0D4004DBE82 /* ViewController */ = {
			isa = PBXGroup;
			children = (
				A919382528F64E9900CC8B76 /* HomeViewController.swift */,
			);
			path = ViewController;
			sourceTree = "<group>";
		};
		9A43DF5328F7E0DF004DBE82 /* ViewModel */ = {
			isa = PBXGroup;
			children = (
				9A1FCCC428FFB40A001B1584 /* HomeViewModel.swift */,
			);
			path = ViewModel;
			sourceTree = "<group>";
		};
		9A43DF5428F7E156004DBE82 /* Common */ = {
			isa = PBXGroup;
			children = (
				9A6C537528FA626A00B13BF7 /* Fonts */,
				9A1FCCA628FEA0DB001B1584 /* Utils */,
				9A43DF4F28F7E045004DBE82 /* Extensions */,
			);
			path = Common;
			sourceTree = "<group>";
		};
		9A43DF5528F7E386004DBE82 /* Storyboard */ = {
			isa = PBXGroup;
			children = (
				A913FA3E28F7CC2800ECA972 /* Calendar.storyboard */,
			);
			path = Storyboard;
			sourceTree = "<group>";
		};
		9A43DF5628F7E390004DBE82 /* ViewController */ = {
			isa = PBXGroup;
			children = (
				A913FA4028F7D09F00ECA972 /* CalendarViewController.swift */,
			);
			path = ViewController;
			sourceTree = "<group>";
		};
		9A43DF5728F7E397004DBE82 /* ViewModel */ = {
			isa = PBXGroup;
			children = (
				9A1FCCC228FFB3F3001B1584 /* CalendarViewModel.swift */,
			);
			path = ViewModel;
			sourceTree = "<group>";
		};
		9A43DF5828F7E3AF004DBE82 /* PostVeiwer */ = {
			isa = PBXGroup;
			children = (
				A9C8B9CC2900E88C006B7D09 /* View */,
				9A1FCCBF28FFB3CE001B1584 /* ViewModel */,
			);
			path = PostVeiwer;
			sourceTree = "<group>";
		};
		9A43DF5A28F7E3D8004DBE82 /* Storyboard */ = {
			isa = PBXGroup;
			children = (
				A919382E28F6597500CC8B76 /* PostViewer.storyboard */,
			);
			path = Storyboard;
			sourceTree = "<group>";
		};
		9A43DF5B28F7E3DF004DBE82 /* ViewController */ = {
			isa = PBXGroup;
			children = (
				A919384128F65DDD00CC8B76 /* PostViewerViewController.swift */,
			);
			path = ViewController;
			sourceTree = "<group>";
		};
		9A43DF6328F7E52D004DBE82 /* Signin */ = {
			isa = PBXGroup;
			children = (
				9A1FCCBB28FFB319001B1584 /* View */,
				9A43DF6B28F7E57F004DBE82 /* ViewModel */,
			);
			path = Signin;
			sourceTree = "<group>";
		};
		9A43DF6428F7E537004DBE82 /* Settings */ = {
			isa = PBXGroup;
			children = (
				9A1FCCB528FFB265001B1584 /* View */,
				9A43DF6728F7E563004DBE82 /* ViewModel */,
			);
			path = Settings;
			sourceTree = "<group>";
		};
		9A43DF6528F7E54F004DBE82 /* Model */ = {
			isa = PBXGroup;
			children = (
				A9C2A6D928FD5C0A000EB06D /* TempPost.swift */,
				A9C2A6DB28FD6A9D000EB06D /* TempDataManager.swift */,
			);
			path = Model;
			sourceTree = "<group>";
		};
		9A43DF6728F7E563004DBE82 /* ViewModel */ = {
			isa = PBXGroup;
			children = (
				9A1FCCAD28FFB1BB001B1584 /* SettingsViewModel.swift */,
			);
			path = ViewModel;
			sourceTree = "<group>";
		};
		9A43DF6928F7E570004DBE82 /* Storyboard */ = {
			isa = PBXGroup;
			children = (
				A919383728F65C9000CC8B76 /* SignIn.storyboard */,
			);
			path = Storyboard;
			sourceTree = "<group>";
		};
		9A43DF6A28F7E577004DBE82 /* ViewController */ = {
			isa = PBXGroup;
			children = (
				A919383F28F65D9E00CC8B76 /* SignInViewController.swift */,
			);
			path = ViewController;
			sourceTree = "<group>";
		};
		9A43DF6B28F7E57F004DBE82 /* ViewModel */ = {
			isa = PBXGroup;
			children = (
				9A1FCCB328FFB24E001B1584 /* SignInViewModel.swift */,
			);
			path = ViewModel;
			sourceTree = "<group>";
		};
		9A6C537528FA626A00B13BF7 /* Fonts */ = {
			isa = PBXGroup;
			children = (
				9A6C537628FA631C00B13BF7 /* EF_Diary.ttf */,
			);
			path = Fonts;
			sourceTree = "<group>";
		};
		9A6C77A028F229E400E1092D = {
			isa = PBXGroup;
			children = (
				9A6C77AB28F229E400E1092D /* DiaryApp */,
				9A6C77AA28F229E400E1092D /* Products */,
			);
			sourceTree = "<group>";
		};
		9A6C77AA28F229E400E1092D /* Products */ = {
			isa = PBXGroup;
			children = (
				9A6C77A928F229E400E1092D /* DiaryApp.app */,
			);
			name = Products;
			sourceTree = "<group>";
		};
		9A6C77AB28F229E400E1092D /* DiaryApp */ = {
			isa = PBXGroup;
			children = (
				9A6C77AC28F229E400E1092D /* AppDelegate.swift */,
				9A6C77AE28F229E400E1092D /* SceneDelegate.swift */,
				9A6C77B728F229E500E1092D /* LaunchScreen.storyboard */,
				9A43DF5428F7E156004DBE82 /* Common */,
				9A43DF6528F7E54F004DBE82 /* Model */,
				9A43DF4E28F7E036004DBE82 /* Service */,
				9A43DF4D28F7E006004DBE82 /* Scene */,
				9A6C77B528F229E500E1092D /* Assets.xcassets */,
				9A6C77BA28F229E500E1092D /* Info.plist */,
			);
			path = DiaryApp;
			sourceTree = "<group>";
		};
		9AAB90C329010ECD004141A4 /* Cell */ = {
			isa = PBXGroup;
			children = (
				A9C2A6DD28FD7F95000EB06D /* HomePostCollectionViewCell.swift */,
				9AAB90C629010F34004141A4 /* HomePostCollectionReusableView.swift */,
			);
			path = Cell;
			sourceTree = "<group>";
		};
		A913FA3D28F7CC0900ECA972 /* Calendar */ = {
			isa = PBXGroup;
			children = (
				9A1FCCBC28FFB334001B1584 /* View */,
				9A43DF5728F7E397004DBE82 /* ViewModel */,
			);
			path = Calendar;
			sourceTree = "<group>";
		};
		A913FA9828F91F6B00ECA972 /* Post */ = {
			isa = PBXGroup;
			children = (
				A9C8B9CE2900E8E9006B7D09 /* View */,
				A913FA9928F91F7300ECA972 /* ViewModel */,
			);
			path = Post;
			sourceTree = "<group>";
		};
		A913FA9928F91F7300ECA972 /* ViewModel */ = {
			isa = PBXGroup;
			children = (
				9A1FCCAB28FFB17E001B1584 /* PostViewModel.swift */,
			);
			path = ViewModel;
			sourceTree = "<group>";
		};
		A913FA9A28F91F7A00ECA972 /* ViewController */ = {
			isa = PBXGroup;
			children = (
				A913FA9C28F91FF500ECA972 /* PostViewController.swift */,
			);
			path = ViewController;
			sourceTree = "<group>";
		};
		A913FA9B28F91F8300ECA972 /* Storyboard */ = {
			isa = PBXGroup;
			children = (
				A913FA9E28F9203300ECA972 /* Post.storyboard */,
			);
			path = Storyboard;
			sourceTree = "<group>";
		};
		A919383A28F65D3500CC8B76 /* Home */ = {
			isa = PBXGroup;
			children = (
				A9C8B9CD2900E8C9006B7D09 /* View */,
				9A43DF5328F7E0DF004DBE82 /* ViewModel */,
			);
			path = Home;
			sourceTree = "<group>";
		};
		A95E03BF2902260D00F73A33 /* Cell */ = {
			isa = PBXGroup;
			children = (
				A95E03C02902262800F73A33 /* CalendarCollectionViewCell.swift */,
			);
			path = Cell;
			sourceTree = "<group>";
		};
		A9C8B9CC2900E88C006B7D09 /* View */ = {
			isa = PBXGroup;
			children = (
				9A43DF5B28F7E3DF004DBE82 /* ViewController */,
				9A43DF5A28F7E3D8004DBE82 /* Storyboard */,
			);
			path = View;
			sourceTree = "<group>";
		};
		A9C8B9CD2900E8C9006B7D09 /* View */ = {
			isa = PBXGroup;
			children = (
				9AAB90C329010ECD004141A4 /* Cell */,
				9A43DF5128F7E0CA004DBE82 /* Storyboard */,
				9A43DF5228F7E0D4004DBE82 /* ViewController */,
			);
			path = View;
			sourceTree = "<group>";
		};
		A9C8B9CE2900E8E9006B7D09 /* View */ = {
			isa = PBXGroup;
			children = (
				A913FA9A28F91F7A00ECA972 /* ViewController */,
				A913FA9B28F91F8300ECA972 /* Storyboard */,
			);
			path = View;
			sourceTree = "<group>";
		};
/* End PBXGroup section */

/* Begin PBXNativeTarget section */
		9A6C77A828F229E400E1092D /* DiaryApp */ = {
			isa = PBXNativeTarget;
			buildConfigurationList = 9A6C77BD28F229E500E1092D /* Build configuration list for PBXNativeTarget "DiaryApp" */;
			buildPhases = (
				9A6C77A528F229E400E1092D /* Sources */,
				9A6C77A628F229E400E1092D /* Frameworks */,
				9A6C77A728F229E400E1092D /* Resources */,
			);
			buildRules = (
			);
			dependencies = (
			);
			name = DiaryApp;
			productName = DiaryApp;
			productReference = 9A6C77A928F229E400E1092D /* DiaryApp.app */;
			productType = "com.apple.product-type.application";
		};
/* End PBXNativeTarget section */

/* Begin PBXProject section */
		9A6C77A128F229E400E1092D /* Project object */ = {
			isa = PBXProject;
			attributes = {
				BuildIndependentTargetsInParallel = 1;
				LastSwiftUpdateCheck = 1340;
				LastUpgradeCheck = 1340;
				TargetAttributes = {
					9A6C77A828F229E400E1092D = {
						CreatedOnToolsVersion = 13.4.1;
					};
				};
			};
			buildConfigurationList = 9A6C77A428F229E400E1092D /* Build configuration list for PBXProject "DiaryApp" */;
			compatibilityVersion = "Xcode 13.0";
			developmentRegion = en;
			hasScannedForEncodings = 0;
			knownRegions = (
				en,
				Base,
			);
			mainGroup = 9A6C77A028F229E400E1092D;
			productRefGroup = 9A6C77AA28F229E400E1092D /* Products */;
			projectDirPath = "";
			projectRoot = "";
			targets = (
				9A6C77A828F229E400E1092D /* DiaryApp */,
			);
		};
/* End PBXProject section */

/* Begin PBXResourcesBuildPhase section */
		9A6C77A728F229E400E1092D /* Resources */ = {
			isa = PBXResourcesBuildPhase;
			buildActionMask = 2147483647;
			files = (
				A919382F28F6597500CC8B76 /* PostViewer.storyboard in Resources */,
				9A6C537728FA631C00B13BF7 /* EF_Diary.ttf in Resources */,
				9A6C77B928F229E500E1092D /* LaunchScreen.storyboard in Resources */,
				A913FA3F28F7CC2800ECA972 /* Calendar.storyboard in Resources */,
				9A6C77B628F229E500E1092D /* Assets.xcassets in Resources */,
				A913FA9F28F9203300ECA972 /* Post.storyboard in Resources */,
				A919383628F65C1C00CC8B76 /* Settings.storyboard in Resources */,
				A919383928F65C9000CC8B76 /* SignIn.storyboard in Resources */,
				A919382428F64CED00CC8B76 /* Home.storyboard in Resources */,
			);
			runOnlyForDeploymentPostprocessing = 0;
		};
/* End PBXResourcesBuildPhase section */

/* Begin PBXSourcesBuildPhase section */
		9A6C77A528F229E400E1092D /* Sources */ = {
			isa = PBXSourcesBuildPhase;
			buildActionMask = 2147483647;
			files = (
				A95E03C12902262800F73A33 /* CalendarCollectionViewCell.swift in Sources */,
				9A1FCCC128FFB3DF001B1584 /* PostViewerViewModel.swift in Sources */,
				A919384028F65D9E00CC8B76 /* SignInViewController.swift in Sources */,
				9A1FCCA128FA9A73001B1584 /* UIButtonExtension.swift in Sources */,
				9A6C77AD28F229E400E1092D /* AppDelegate.swift in Sources */,
				9A1FCCC328FFB3F3001B1584 /* CalendarViewModel.swift in Sources */,
				A9C2A6DC28FD6A9D000EB06D /* TempDataManager.swift in Sources */,
				9A6C77AF28F229E400E1092D /* SceneDelegate.swift in Sources */,
				A913FA9D28F91FF500ECA972 /* PostViewController.swift in Sources */,
				9AAB90C729010F34004141A4 /* HomePostCollectionReusableView.swift in Sources */,
				9A1FCCB028FFB1CE001B1584 /* SignInService.swift in Sources */,
				9A1FCCC728FFB9B4001B1584 /* RootViewUtils.swift in Sources */,
				9A1FCCA828FEA102001B1584 /* NavigationBarUtils.swift in Sources */,
				9A1FCCB428FFB24E001B1584 /* SignInViewModel.swift in Sources */,
				9A1FCCAA28FFB162001B1584 /* PostService.swift in Sources */,
				A919383E28F65D8A00CC8B76 /* SettingsViewController.swift in Sources */,
				A9C8B9C928FF90F5006B7D09 /* StringExtension.swift in Sources */,
				9A6C534428F7FBC900B13BF7 /* UIColorExtension.swift in Sources */,
				A9C8B9C728FF90CC006B7D09 /* DateExtension.swift in Sources */,
				A9C2A6DE28FD7F95000EB06D /* HomePostCollectionViewCell.swift in Sources */,
				A913FA4128F7D09F00ECA972 /* CalendarViewController.swift in Sources */,
				A9C2A6DA28FD5C0A000EB06D /* TempPost.swift in Sources */,
				9A1FCCAE28FFB1BB001B1584 /* SettingsViewModel.swift in Sources */,
				9A1FCCA528FE81C2001B1584 /* UINavigationExtension.swift in Sources */,
				9A1FCCC528FFB40A001B1584 /* HomeViewModel.swift in Sources */,
				A919382628F64E9900CC8B76 /* HomeViewController.swift in Sources */,
				9A1FCCBA28FFB302001B1584 /* SettingsTableViewCell.swift in Sources */,
				A919384228F65DDD00CC8B76 /* PostViewerViewController.swift in Sources */,
				9A1FCCAC28FFB17E001B1584 /* PostViewModel.swift in Sources */,
			);
			runOnlyForDeploymentPostprocessing = 0;
		};
/* End PBXSourcesBuildPhase section */

/* Begin PBXVariantGroup section */
		9A6C77B728F229E500E1092D /* LaunchScreen.storyboard */ = {
			isa = PBXVariantGroup;
			children = (
				9A6C77B828F229E500E1092D /* Base */,
			);
			name = LaunchScreen.storyboard;
			sourceTree = "<group>";
		};
		A919383728F65C9000CC8B76 /* SignIn.storyboard */ = {
			isa = PBXVariantGroup;
			children = (
				A919383828F65C9000CC8B76 /* Base */,
			);
			name = SignIn.storyboard;
			sourceTree = "<group>";
		};
/* End PBXVariantGroup section */

/* Begin XCBuildConfiguration section */
		9A6C77BB28F229E500E1092D /* Debug */ = {
			isa = XCBuildConfiguration;
			buildSettings = {
				ALWAYS_SEARCH_USER_PATHS = NO;
				CLANG_ANALYZER_NONNULL = YES;
				CLANG_ANALYZER_NUMBER_OBJECT_CONVERSION = YES_AGGRESSIVE;
				CLANG_CXX_LANGUAGE_STANDARD = "gnu++17";
				CLANG_ENABLE_MODULES = YES;
				CLANG_ENABLE_OBJC_ARC = YES;
				CLANG_ENABLE_OBJC_WEAK = YES;
				CLANG_WARN_BLOCK_CAPTURE_AUTORELEASING = YES;
				CLANG_WARN_BOOL_CONVERSION = YES;
				CLANG_WARN_COMMA = YES;
				CLANG_WARN_CONSTANT_CONVERSION = YES;
				CLANG_WARN_DEPRECATED_OBJC_IMPLEMENTATIONS = YES;
				CLANG_WARN_DIRECT_OBJC_ISA_USAGE = YES_ERROR;
				CLANG_WARN_DOCUMENTATION_COMMENTS = YES;
				CLANG_WARN_EMPTY_BODY = YES;
				CLANG_WARN_ENUM_CONVERSION = YES;
				CLANG_WARN_INFINITE_RECURSION = YES;
				CLANG_WARN_INT_CONVERSION = YES;
				CLANG_WARN_NON_LITERAL_NULL_CONVERSION = YES;
				CLANG_WARN_OBJC_IMPLICIT_RETAIN_SELF = YES;
				CLANG_WARN_OBJC_LITERAL_CONVERSION = YES;
				CLANG_WARN_OBJC_ROOT_CLASS = YES_ERROR;
				CLANG_WARN_QUOTED_INCLUDE_IN_FRAMEWORK_HEADER = YES;
				CLANG_WARN_RANGE_LOOP_ANALYSIS = YES;
				CLANG_WARN_STRICT_PROTOTYPES = YES;
				CLANG_WARN_SUSPICIOUS_MOVE = YES;
				CLANG_WARN_UNGUARDED_AVAILABILITY = YES_AGGRESSIVE;
				CLANG_WARN_UNREACHABLE_CODE = YES;
				CLANG_WARN__DUPLICATE_METHOD_MATCH = YES;
				COPY_PHASE_STRIP = NO;
				DEBUG_INFORMATION_FORMAT = dwarf;
				ENABLE_STRICT_OBJC_MSGSEND = YES;
				ENABLE_TESTABILITY = YES;
				GCC_C_LANGUAGE_STANDARD = gnu11;
				GCC_DYNAMIC_NO_PIC = NO;
				GCC_NO_COMMON_BLOCKS = YES;
				GCC_OPTIMIZATION_LEVEL = 0;
				GCC_PREPROCESSOR_DEFINITIONS = (
					"DEBUG=1",
					"$(inherited)",
				);
				GCC_WARN_64_TO_32_BIT_CONVERSION = YES;
				GCC_WARN_ABOUT_RETURN_TYPE = YES_ERROR;
				GCC_WARN_UNDECLARED_SELECTOR = YES;
				GCC_WARN_UNINITIALIZED_AUTOS = YES_AGGRESSIVE;
				GCC_WARN_UNUSED_FUNCTION = YES;
				GCC_WARN_UNUSED_VARIABLE = YES;
				IPHONEOS_DEPLOYMENT_TARGET = 15.5;
				MTL_ENABLE_DEBUG_INFO = INCLUDE_SOURCE;
				MTL_FAST_MATH = YES;
				ONLY_ACTIVE_ARCH = YES;
				SDKROOT = iphoneos;
				SWIFT_ACTIVE_COMPILATION_CONDITIONS = DEBUG;
				SWIFT_OPTIMIZATION_LEVEL = "-Onone";
			};
			name = Debug;
		};
		9A6C77BC28F229E500E1092D /* Release */ = {
			isa = XCBuildConfiguration;
			buildSettings = {
				ALWAYS_SEARCH_USER_PATHS = NO;
				CLANG_ANALYZER_NONNULL = YES;
				CLANG_ANALYZER_NUMBER_OBJECT_CONVERSION = YES_AGGRESSIVE;
				CLANG_CXX_LANGUAGE_STANDARD = "gnu++17";
				CLANG_ENABLE_MODULES = YES;
				CLANG_ENABLE_OBJC_ARC = YES;
				CLANG_ENABLE_OBJC_WEAK = YES;
				CLANG_WARN_BLOCK_CAPTURE_AUTORELEASING = YES;
				CLANG_WARN_BOOL_CONVERSION = YES;
				CLANG_WARN_COMMA = YES;
				CLANG_WARN_CONSTANT_CONVERSION = YES;
				CLANG_WARN_DEPRECATED_OBJC_IMPLEMENTATIONS = YES;
				CLANG_WARN_DIRECT_OBJC_ISA_USAGE = YES_ERROR;
				CLANG_WARN_DOCUMENTATION_COMMENTS = YES;
				CLANG_WARN_EMPTY_BODY = YES;
				CLANG_WARN_ENUM_CONVERSION = YES;
				CLANG_WARN_INFINITE_RECURSION = YES;
				CLANG_WARN_INT_CONVERSION = YES;
				CLANG_WARN_NON_LITERAL_NULL_CONVERSION = YES;
				CLANG_WARN_OBJC_IMPLICIT_RETAIN_SELF = YES;
				CLANG_WARN_OBJC_LITERAL_CONVERSION = YES;
				CLANG_WARN_OBJC_ROOT_CLASS = YES_ERROR;
				CLANG_WARN_QUOTED_INCLUDE_IN_FRAMEWORK_HEADER = YES;
				CLANG_WARN_RANGE_LOOP_ANALYSIS = YES;
				CLANG_WARN_STRICT_PROTOTYPES = YES;
				CLANG_WARN_SUSPICIOUS_MOVE = YES;
				CLANG_WARN_UNGUARDED_AVAILABILITY = YES_AGGRESSIVE;
				CLANG_WARN_UNREACHABLE_CODE = YES;
				CLANG_WARN__DUPLICATE_METHOD_MATCH = YES;
				COPY_PHASE_STRIP = NO;
				DEBUG_INFORMATION_FORMAT = "dwarf-with-dsym";
				ENABLE_NS_ASSERTIONS = NO;
				ENABLE_STRICT_OBJC_MSGSEND = YES;
				GCC_C_LANGUAGE_STANDARD = gnu11;
				GCC_NO_COMMON_BLOCKS = YES;
				GCC_WARN_64_TO_32_BIT_CONVERSION = YES;
				GCC_WARN_ABOUT_RETURN_TYPE = YES_ERROR;
				GCC_WARN_UNDECLARED_SELECTOR = YES;
				GCC_WARN_UNINITIALIZED_AUTOS = YES_AGGRESSIVE;
				GCC_WARN_UNUSED_FUNCTION = YES;
				GCC_WARN_UNUSED_VARIABLE = YES;
				IPHONEOS_DEPLOYMENT_TARGET = 15.5;
				MTL_ENABLE_DEBUG_INFO = NO;
				MTL_FAST_MATH = YES;
				SDKROOT = iphoneos;
				SWIFT_COMPILATION_MODE = wholemodule;
				SWIFT_OPTIMIZATION_LEVEL = "-O";
				VALIDATE_PRODUCT = YES;
			};
			name = Release;
		};
		9A6C77BE28F229E500E1092D /* Debug */ = {
			isa = XCBuildConfiguration;
			buildSettings = {
				ASSETCATALOG_COMPILER_APPICON_NAME = AppIcon;
				ASSETCATALOG_COMPILER_GLOBAL_ACCENT_COLOR_NAME = AccentColor;
				CODE_SIGN_IDENTITY = "Apple Development";
				"CODE_SIGN_IDENTITY[sdk=iphoneos*]" = "iPhone Developer";
				CODE_SIGN_STYLE = Automatic;
				CURRENT_PROJECT_VERSION = 1;
				DEVELOPMENT_TEAM = URTJJ24R4X;
				GENERATE_INFOPLIST_FILE = YES;
				INFOPLIST_FILE = DiaryApp/Info.plist;
				INFOPLIST_KEY_CFBundleDisplayName = "하루끝";
				INFOPLIST_KEY_UIApplicationSupportsIndirectInputEvents = YES;
				INFOPLIST_KEY_UILaunchStoryboardName = LaunchScreen;
				INFOPLIST_KEY_UIMainStoryboardFile = Home;
				INFOPLIST_KEY_UISupportedInterfaceOrientations_iPad = "UIInterfaceOrientationPortrait UIInterfaceOrientationPortraitUpsideDown UIInterfaceOrientationLandscapeLeft UIInterfaceOrientationLandscapeRight";
				INFOPLIST_KEY_UISupportedInterfaceOrientations_iPhone = "UIInterfaceOrientationPortrait UIInterfaceOrientationLandscapeLeft UIInterfaceOrientationLandscapeRight";
				IPHONEOS_DEPLOYMENT_TARGET = 14.0;
				LD_RUNPATH_SEARCH_PATHS = (
					"$(inherited)",
					"@executable_path/Frameworks",
				);
				MARKETING_VERSION = 1.0;
				PRODUCT_BUNDLE_IDENTIFIER = com.diaryOfficial.DiaryApp;
				PRODUCT_NAME = "$(TARGET_NAME)";
				SWIFT_EMIT_LOC_STRINGS = YES;
				SWIFT_VERSION = 5.0;
				TARGETED_DEVICE_FAMILY = 1;
			};
			name = Debug;
		};
		9A6C77BF28F229E500E1092D /* Release */ = {
			isa = XCBuildConfiguration;
			buildSettings = {
				ASSETCATALOG_COMPILER_APPICON_NAME = AppIcon;
				ASSETCATALOG_COMPILER_GLOBAL_ACCENT_COLOR_NAME = AccentColor;
				CODE_SIGN_IDENTITY = "Apple Development";
				"CODE_SIGN_IDENTITY[sdk=iphoneos*]" = "iPhone Distribution";
				CODE_SIGN_STYLE = Automatic;
				CURRENT_PROJECT_VERSION = 1;
				DEVELOPMENT_TEAM = URTJJ24R4X;
				GENERATE_INFOPLIST_FILE = YES;
				INFOPLIST_FILE = DiaryApp/Info.plist;
				INFOPLIST_KEY_CFBundleDisplayName = "하루끝";
				INFOPLIST_KEY_UIApplicationSupportsIndirectInputEvents = YES;
				INFOPLIST_KEY_UILaunchStoryboardName = LaunchScreen;
				INFOPLIST_KEY_UIMainStoryboardFile = Home;
				INFOPLIST_KEY_UISupportedInterfaceOrientations_iPad = "UIInterfaceOrientationPortrait UIInterfaceOrientationPortraitUpsideDown UIInterfaceOrientationLandscapeLeft UIInterfaceOrientationLandscapeRight";
				INFOPLIST_KEY_UISupportedInterfaceOrientations_iPhone = "UIInterfaceOrientationPortrait UIInterfaceOrientationLandscapeLeft UIInterfaceOrientationLandscapeRight";
				IPHONEOS_DEPLOYMENT_TARGET = 14.0;
				LD_RUNPATH_SEARCH_PATHS = (
					"$(inherited)",
					"@executable_path/Frameworks",
				);
				MARKETING_VERSION = 1.0;
				PRODUCT_BUNDLE_IDENTIFIER = com.diaryOfficial.DiaryApp;
				PRODUCT_NAME = "$(TARGET_NAME)";
				PROVISIONING_PROFILE_SPECIFIER = "";
				SWIFT_EMIT_LOC_STRINGS = YES;
				SWIFT_VERSION = 5.0;
				TARGETED_DEVICE_FAMILY = 1;
			};
			name = Release;
		};
/* End XCBuildConfiguration section */

/* Begin XCConfigurationList section */
		9A6C77A428F229E400E1092D /* Build configuration list for PBXProject "DiaryApp" */ = {
			isa = XCConfigurationList;
			buildConfigurations = (
				9A6C77BB28F229E500E1092D /* Debug */,
				9A6C77BC28F229E500E1092D /* Release */,
			);
			defaultConfigurationIsVisible = 0;
			defaultConfigurationName = Release;
		};
		9A6C77BD28F229E500E1092D /* Build configuration list for PBXNativeTarget "DiaryApp" */ = {
			isa = XCConfigurationList;
			buildConfigurations = (
				9A6C77BE28F229E500E1092D /* Debug */,
				9A6C77BF28F229E500E1092D /* Release */,
			);
			defaultConfigurationIsVisible = 0;
			defaultConfigurationName = Release;
		};
/* End XCConfigurationList section */
	};
	rootObject = 9A6C77A128F229E400E1092D /* Project object */;
}
